
Microsoft Visual Studio Solution File, Format Version 12.00
# Visual Studio Version 16
VisualStudioVersion = 16.0.32126.315
MinimumVisualStudioVersion = 10.0.40219.1
Project("{FAE04EC0-301F-11D3-BF4B-00C04F79EFBC}") = "SisClinApi", "SisClinApi\SisClinApi.csproj", "{45D12AE5-506A-4666-86FC-F1615EEA6278}"
EndProject
Global
	GlobalSection(SolutionConfigurationPlatforms) = preSolution
		Debug|Any CPU = Debug|Any CPU
		Release|Any CPU = Release|Any CPU
	EndGlobalSection
	GlobalSection(ProjectConfigurationPlatforms) = postSolution
		{45D12AE5-506A-4666-86FC-F1615EEA6278}.Debug|Any CPU.ActiveCfg = Debug|Any CPU
		{45D12AE5-506A-4666-86FC-F1615EEA6278}.Debug|Any CPU.Build.0 = Debug|Any CPU
		{45D12AE5-506A-4666-86FC-F1615EEA6278}.Release|Any CPU.ActiveCfg = Release|Any CPU
		{45D12AE5-506A-4666-86FC-F1615EEA6278}.Release|Any CPU.Build.0 = Release|Any CPU
	EndGlobalSection
	GlobalSection(SolutionProperties) = preSolution
		HideSolutionNode = FALSE
	EndGlobalSection
	GlobalSection(ExtensibilityGlobals) = postSolution
		SolutionGuid = {EDC7E579-9B76-4392-BD99-F3D9C892C9A2}
	EndGlobalSection
EndGlobal
