
Microsoft Visual Studio Solution File, Format Version 12.00
# Visual Studio Version 17
VisualStudioVersion = 17.1.32414.318
MinimumVisualStudioVersion = 10.0.40219.1
Project("{FAE04EC0-301F-11D3-BF4B-00C04F79EFBC}") = "SisClin.Api", "SisClin.Api\SisClin.Api.csproj", "{870FFBFA-7845-4576-807B-7111FE7DDE2A}"
EndProject
Project("{FAE04EC0-301F-11D3-BF4B-00C04F79EFBC}") = "SisClin.Domain", "SisClin.Domain\SisClin.Domain.csproj", "{5492F5DE-BE15-4FE5-A9A6-06AD07E4ADE0}"
EndProject
Project("{FAE04EC0-301F-11D3-BF4B-00C04F79EFBC}") = "SisClin.Infra", "SisClin.Infra\SisClin.Infra.csproj", "{FB428D32-FD56-41FF-A62E-7003562AF9F3}"
EndProject
Global
	GlobalSection(SolutionConfigurationPlatforms) = preSolution
		Debug|Any CPU = Debug|Any CPU
		Release|Any CPU = Release|Any CPU
	EndGlobalSection
	GlobalSection(ProjectConfigurationPlatforms) = postSolution
		{870FFBFA-7845-4576-807B-7111FE7DDE2A}.Debug|Any CPU.ActiveCfg = Debug|Any CPU
		{870FFBFA-7845-4576-807B-7111FE7DDE2A}.Debug|Any CPU.Build.0 = Debug|Any CPU
		{870FFBFA-7845-4576-807B-7111FE7DDE2A}.Release|Any CPU.ActiveCfg = Release|Any CPU
		{870FFBFA-7845-4576-807B-7111FE7DDE2A}.Release|Any CPU.Build.0 = Release|Any CPU
		{5492F5DE-BE15-4FE5-A9A6-06AD07E4ADE0}.Debug|Any CPU.ActiveCfg = Debug|Any CPU
		{5492F5DE-BE15-4FE5-A9A6-06AD07E4ADE0}.Debug|Any CPU.Build.0 = Debug|Any CPU
		{5492F5DE-BE15-4FE5-A9A6-06AD07E4ADE0}.Release|Any CPU.ActiveCfg = Release|Any CPU
		{5492F5DE-BE15-4FE5-A9A6-06AD07E4ADE0}.Release|Any CPU.Build.0 = Release|Any CPU
		{FB428D32-FD56-41FF-A62E-7003562AF9F3}.Debug|Any CPU.ActiveCfg = Debug|Any CPU
		{FB428D32-FD56-41FF-A62E-7003562AF9F3}.Debug|Any CPU.Build.0 = Debug|Any CPU
		{FB428D32-FD56-41FF-A62E-7003562AF9F3}.Release|Any CPU.ActiveCfg = Release|Any CPU
		{FB428D32-FD56-41FF-A62E-7003562AF9F3}.Release|Any CPU.Build.0 = Release|Any CPU
	EndGlobalSection
	GlobalSection(SolutionProperties) = preSolution
		HideSolutionNode = FALSE
	EndGlobalSection
	GlobalSection(ExtensibilityGlobals) = postSolution
		SolutionGuid = {A28238ED-F338-4155-AB6E-D2E7BD3F0F77}
	EndGlobalSection
EndGlobal
